
Microsoft Visual Studio Solution File, Format Version 12.00
# Visual Studio 15
VisualStudioVersion = 15.0.27703.2047
MinimumVisualStudioVersion = 10.0.40219.1
Project("{FAE04EC0-301F-11D3-BF4B-00C04F79EFBC}") = "TFSTool", "TFSTool\TFSTool.csproj", "{E1083EC0-39EE-4A49-BAB7-DA01DBA83F0F}"
EndProject
Project("{FAE04EC0-301F-11D3-BF4B-00C04F79EFBC}") = "TFSHelper", "Helper\TFSHelper.csproj", "{C98ED2E2-11B8-4948-BA3B-EE8B9CD0AD16}"
EndProject
Project("{FAE04EC0-301F-11D3-BF4B-00C04F79EFBC}") = "TFSUtils", "TFSUtils\TFSUtils.csproj", "{D1E9F1E3-1BB5-4FFC-B44E-A073AC0B1119}"
EndProject
Project("{2150E333-8FDC-42A3-9474-1A3956D46DE8}") = "Application", "Application", "{A6D790EB-35AC-424B-819D-2369EDF1C67D}"
	ProjectSection(SolutionItems) = preProject
		Application\Microsoft.WITDataStore32.dll = Application\Microsoft.WITDataStore32.dll
		Application\Microsoft.WITDataStore64.dll = Application\Microsoft.WITDataStore64.dll
	EndProjectSection
EndProject
Global
	GlobalSection(SolutionConfigurationPlatforms) = preSolution
		Debug|Any CPU = Debug|Any CPU
		Release|Any CPU = Release|Any CPU
	EndGlobalSection
	GlobalSection(ProjectConfigurationPlatforms) = postSolution
		{E1083EC0-39EE-4A49-BAB7-DA01DBA83F0F}.Debug|Any CPU.ActiveCfg = Debug|Any CPU
		{E1083EC0-39EE-4A49-BAB7-DA01DBA83F0F}.Debug|Any CPU.Build.0 = Debug|Any CPU
		{E1083EC0-39EE-4A49-BAB7-DA01DBA83F0F}.Release|Any CPU.ActiveCfg = Release|Any CPU
		{E1083EC0-39EE-4A49-BAB7-DA01DBA83F0F}.Release|Any CPU.Build.0 = Release|Any CPU
		{C98ED2E2-11B8-4948-BA3B-EE8B9CD0AD16}.Debug|Any CPU.ActiveCfg = Debug|Any CPU
		{C98ED2E2-11B8-4948-BA3B-EE8B9CD0AD16}.Debug|Any CPU.Build.0 = Debug|Any CPU
		{C98ED2E2-11B8-4948-BA3B-EE8B9CD0AD16}.Release|Any CPU.ActiveCfg = Release|Any CPU
		{C98ED2E2-11B8-4948-BA3B-EE8B9CD0AD16}.Release|Any CPU.Build.0 = Release|Any CPU
		{D1E9F1E3-1BB5-4FFC-B44E-A073AC0B1119}.Debug|Any CPU.ActiveCfg = Debug|Any CPU
		{D1E9F1E3-1BB5-4FFC-B44E-A073AC0B1119}.Debug|Any CPU.Build.0 = Debug|Any CPU
		{D1E9F1E3-1BB5-4FFC-B44E-A073AC0B1119}.Release|Any CPU.ActiveCfg = Release|Any CPU
		{D1E9F1E3-1BB5-4FFC-B44E-A073AC0B1119}.Release|Any CPU.Build.0 = Release|Any CPU
	EndGlobalSection
	GlobalSection(SolutionProperties) = preSolution
		HideSolutionNode = FALSE
	EndGlobalSection
	GlobalSection(ExtensibilityGlobals) = postSolution
		SolutionGuid = {517F0D21-2EDF-4E2B-9032-6349BB111F09}
	EndGlobalSection
EndGlobal
